
Microsoft Visual Studio Solution File, Format Version 12.00
# Visual Studio Version 16
VisualStudioVersion = 16.0.28803.202
MinimumVisualStudioVersion = 10.0.40219.1
Project("{FAE04EC0-301F-11D3-BF4B-00C04F79EFBC}") = "BWTool", "BWTool\BWTool.csproj", "{BD4F5C99-CE8D-4C85-9323-38BDD891F697}"
EndProject
Global
	GlobalSection(SolutionConfigurationPlatforms) = preSolution
		Debug|Any CPU = Debug|Any CPU
		Release|Any CPU = Release|Any CPU
	EndGlobalSection
	GlobalSection(ProjectConfigurationPlatforms) = postSolution
		{BD4F5C99-CE8D-4C85-9323-38BDD891F697}.Debug|Any CPU.ActiveCfg = Debug|Any CPU
		{BD4F5C99-CE8D-4C85-9323-38BDD891F697}.Debug|Any CPU.Build.0 = Debug|Any CPU
		{BD4F5C99-CE8D-4C85-9323-38BDD891F697}.Release|Any CPU.ActiveCfg = Release|Any CPU
		{BD4F5C99-CE8D-4C85-9323-38BDD891F697}.Release|Any CPU.Build.0 = Release|Any CPU
	EndGlobalSection
	GlobalSection(SolutionProperties) = preSolution
		HideSolutionNode = FALSE
	EndGlobalSection
	GlobalSection(ExtensibilityGlobals) = postSolution
		SolutionGuid = {3FBFD192-57F9-4AB3-A467-10D463E89CE8}
	EndGlobalSection
EndGlobal
